
Microsoft Visual Studio Solution File, Format Version 12.00
# Visual Studio Version 17
VisualStudioVersion = 17.0.31903.59
MinimumVisualStudioVersion = 10.0.40219.1
Project("{9A19103F-16F7-4668-BE54-9A1E7A4F7556}") = "ValidInput", "ValidInput\ValidInput.csproj", "{D2A11FCD-E026-4D23-8B69-FD57E3883D83}"
EndProject
Project("{9A19103F-16F7-4668-BE54-9A1E7A4F7556}") = "TryParse", "TryParse\TryParse.csproj", "{0B814872-5D8F-4CA0-97BB-88809C115AFA}"
EndProject
Project("{9A19103F-16F7-4668-BE54-9A1E7A4F7556}") = "DivByZero", "DivByZero\DivByZero.csproj", "{BBBBE007-874E-473A-8B9F-B990FB2BFB6F}"
EndProject
Project("{9A19103F-16F7-4668-BE54-9A1E7A4F7556}") = "WhileLoopIntro", "WhileLoopIntro\WhileLoopIntro.csproj", "{F92FC4BB-0B21-4E0B-8BA6-4B8D7E8BC171}"
EndProject
Project("{9A19103F-16F7-4668-BE54-9A1E7A4F7556}") = "Calculator", "Calculator\Calculator.csproj", "{7CB37031-F80B-4E50-96A0-345D626E097F}"
EndProject
Project("{9A19103F-16F7-4668-BE54-9A1E7A4F7556}") = "ForLoopIntro", "ForLoopIntro\ForLoopIntro.csproj", "{CAF3EDB0-A389-4677-BBD7-54A8222B30B8}"
EndProject
Project("{FAE04EC0-301F-11D3-BF4B-00C04F79EFBC}") = "TempConversion", "TempConversion\TempConversion.csproj", "{85FC7B0A-D723-4BD3-81CF-E2916DC5690A}"
EndProject
Project("{FAE04EC0-301F-11D3-BF4B-00C04F79EFBC}") = "BoolType", "BoolType\BoolType.csproj", "{1D41D10A-319F-439B-B760-B644D0E1EDD2}"
EndProject
Global
	GlobalSection(SolutionConfigurationPlatforms) = preSolution
		Debug|Any CPU = Debug|Any CPU
		Release|Any CPU = Release|Any CPU
	EndGlobalSection
	GlobalSection(ProjectConfigurationPlatforms) = postSolution
		{D2A11FCD-E026-4D23-8B69-FD57E3883D83}.Debug|Any CPU.ActiveCfg = Debug|Any CPU
		{D2A11FCD-E026-4D23-8B69-FD57E3883D83}.Debug|Any CPU.Build.0 = Debug|Any CPU
		{D2A11FCD-E026-4D23-8B69-FD57E3883D83}.Release|Any CPU.ActiveCfg = Release|Any CPU
		{D2A11FCD-E026-4D23-8B69-FD57E3883D83}.Release|Any CPU.Build.0 = Release|Any CPU
		{0B814872-5D8F-4CA0-97BB-88809C115AFA}.Debug|Any CPU.ActiveCfg = Debug|Any CPU
		{0B814872-5D8F-4CA0-97BB-88809C115AFA}.Debug|Any CPU.Build.0 = Debug|Any CPU
		{0B814872-5D8F-4CA0-97BB-88809C115AFA}.Release|Any CPU.ActiveCfg = Release|Any CPU
		{0B814872-5D8F-4CA0-97BB-88809C115AFA}.Release|Any CPU.Build.0 = Release|Any CPU
		{BBBBE007-874E-473A-8B9F-B990FB2BFB6F}.Debug|Any CPU.ActiveCfg = Debug|Any CPU
		{BBBBE007-874E-473A-8B9F-B990FB2BFB6F}.Debug|Any CPU.Build.0 = Debug|Any CPU
		{BBBBE007-874E-473A-8B9F-B990FB2BFB6F}.Release|Any CPU.ActiveCfg = Release|Any CPU
		{BBBBE007-874E-473A-8B9F-B990FB2BFB6F}.Release|Any CPU.Build.0 = Release|Any CPU
		{F92FC4BB-0B21-4E0B-8BA6-4B8D7E8BC171}.Debug|Any CPU.ActiveCfg = Debug|Any CPU
		{F92FC4BB-0B21-4E0B-8BA6-4B8D7E8BC171}.Debug|Any CPU.Build.0 = Debug|Any CPU
		{F92FC4BB-0B21-4E0B-8BA6-4B8D7E8BC171}.Release|Any CPU.ActiveCfg = Release|Any CPU
		{F92FC4BB-0B21-4E0B-8BA6-4B8D7E8BC171}.Release|Any CPU.Build.0 = Release|Any CPU
		{7CB37031-F80B-4E50-96A0-345D626E097F}.Debug|Any CPU.ActiveCfg = Debug|Any CPU
		{7CB37031-F80B-4E50-96A0-345D626E097F}.Debug|Any CPU.Build.0 = Debug|Any CPU
		{7CB37031-F80B-4E50-96A0-345D626E097F}.Release|Any CPU.ActiveCfg = Release|Any CPU
		{7CB37031-F80B-4E50-96A0-345D626E097F}.Release|Any CPU.Build.0 = Release|Any CPU
		{CAF3EDB0-A389-4677-BBD7-54A8222B30B8}.Debug|Any CPU.ActiveCfg = Debug|Any CPU
		{CAF3EDB0-A389-4677-BBD7-54A8222B30B8}.Debug|Any CPU.Build.0 = Debug|Any CPU
		{CAF3EDB0-A389-4677-BBD7-54A8222B30B8}.Release|Any CPU.ActiveCfg = Release|Any CPU
		{CAF3EDB0-A389-4677-BBD7-54A8222B30B8}.Release|Any CPU.Build.0 = Release|Any CPU
		{85FC7B0A-D723-4BD3-81CF-E2916DC5690A}.Debug|Any CPU.ActiveCfg = Debug|Any CPU
		{85FC7B0A-D723-4BD3-81CF-E2916DC5690A}.Debug|Any CPU.Build.0 = Debug|Any CPU
		{85FC7B0A-D723-4BD3-81CF-E2916DC5690A}.Release|Any CPU.ActiveCfg = Release|Any CPU
		{85FC7B0A-D723-4BD3-81CF-E2916DC5690A}.Release|Any CPU.Build.0 = Release|Any CPU
		{1D41D10A-319F-439B-B760-B644D0E1EDD2}.Debug|Any CPU.ActiveCfg = Debug|Any CPU
		{1D41D10A-319F-439B-B760-B644D0E1EDD2}.Debug|Any CPU.Build.0 = Debug|Any CPU
		{1D41D10A-319F-439B-B760-B644D0E1EDD2}.Release|Any CPU.ActiveCfg = Release|Any CPU
		{1D41D10A-319F-439B-B760-B644D0E1EDD2}.Release|Any CPU.Build.0 = Release|Any CPU
	EndGlobalSection
	GlobalSection(SolutionProperties) = preSolution
		HideSolutionNode = FALSE
	EndGlobalSection
EndGlobal
