
Microsoft Visual Studio Solution File, Format Version 12.00
# Visual Studio Version 17
VisualStudioVersion = 17.0.31903.59
MinimumVisualStudioVersion = 10.0.40219.1
Project("{2150E333-8FDC-42A3-9474-1A3956D46DE8}") = "week02", "week02", "{C2CA7DF4-5754-44AE-B2BB-F6E1C2B5659D}"
EndProject
Project("{FAE04EC0-301F-11D3-BF4B-00C04F79EFBC}") = "ConsoleApp1", "week02\ConsoleApp1\ConsoleApp1.csproj", "{AB578006-150C-413B-B80A-EC9E364E7021}"
EndProject
Project("{FAE04EC0-301F-11D3-BF4B-00C04F79EFBC}") = "ConsoleApp2", "week02\ConsoleApp2\ConsoleApp2.csproj", "{84F20FDF-2B46-4188-AE15-E745696259BF}"
EndProject
Global
	GlobalSection(SolutionConfigurationPlatforms) = preSolution
		Debug|Any CPU = Debug|Any CPU
		Release|Any CPU = Release|Any CPU
	EndGlobalSection
	GlobalSection(ProjectConfigurationPlatforms) = postSolution
		{AB578006-150C-413B-B80A-EC9E364E7021}.Debug|Any CPU.ActiveCfg = Debug|Any CPU
		{AB578006-150C-413B-B80A-EC9E364E7021}.Debug|Any CPU.Build.0 = Debug|Any CPU
		{AB578006-150C-413B-B80A-EC9E364E7021}.Release|Any CPU.ActiveCfg = Release|Any CPU
		{AB578006-150C-413B-B80A-EC9E364E7021}.Release|Any CPU.Build.0 = Release|Any CPU
		{84F20FDF-2B46-4188-AE15-E745696259BF}.Debug|Any CPU.ActiveCfg = Debug|Any CPU
		{84F20FDF-2B46-4188-AE15-E745696259BF}.Debug|Any CPU.Build.0 = Debug|Any CPU
		{84F20FDF-2B46-4188-AE15-E745696259BF}.Release|Any CPU.ActiveCfg = Release|Any CPU
		{84F20FDF-2B46-4188-AE15-E745696259BF}.Release|Any CPU.Build.0 = Release|Any CPU
	EndGlobalSection
	GlobalSection(SolutionProperties) = preSolution
		HideSolutionNode = FALSE
	EndGlobalSection
	GlobalSection(NestedProjects) = preSolution
		{AB578006-150C-413B-B80A-EC9E364E7021} = {C2CA7DF4-5754-44AE-B2BB-F6E1C2B5659D}
		{84F20FDF-2B46-4188-AE15-E745696259BF} = {C2CA7DF4-5754-44AE-B2BB-F6E1C2B5659D}
	EndGlobalSection
EndGlobal
