
Microsoft Visual Studio Solution File, Format Version 12.00
# Visual Studio Version 17
VisualStudioVersion = 17.0.31903.59
MinimumVisualStudioVersion = 10.0.40219.1
Project("{FAE04EC0-301F-11D3-BF4B-00C04F79EFBC}") = "FileIO", "FileIO\FileIO.csproj", "{ACC3F1AF-00D2-43EC-8B17-66C04D31E662}"
EndProject
Project("{FAE04EC0-301F-11D3-BF4B-00C04F79EFBC}") = "ReadWrite", "ReadWrite\ReadWrite.csproj", "{5F710507-4E71-497C-AE6F-41257CEA4FB0}"
EndProject
Global
	GlobalSection(SolutionConfigurationPlatforms) = preSolution
		Debug|Any CPU = Debug|Any CPU
		Release|Any CPU = Release|Any CPU
	EndGlobalSection
	GlobalSection(SolutionProperties) = preSolution
		HideSolutionNode = FALSE
	EndGlobalSection
	GlobalSection(ProjectConfigurationPlatforms) = postSolution
		{ACC3F1AF-00D2-43EC-8B17-66C04D31E662}.Debug|Any CPU.ActiveCfg = Debug|Any CPU
		{ACC3F1AF-00D2-43EC-8B17-66C04D31E662}.Debug|Any CPU.Build.0 = Debug|Any CPU
		{ACC3F1AF-00D2-43EC-8B17-66C04D31E662}.Release|Any CPU.ActiveCfg = Release|Any CPU
		{ACC3F1AF-00D2-43EC-8B17-66C04D31E662}.Release|Any CPU.Build.0 = Release|Any CPU
		{5F710507-4E71-497C-AE6F-41257CEA4FB0}.Debug|Any CPU.ActiveCfg = Debug|Any CPU
		{5F710507-4E71-497C-AE6F-41257CEA4FB0}.Debug|Any CPU.Build.0 = Debug|Any CPU
		{5F710507-4E71-497C-AE6F-41257CEA4FB0}.Release|Any CPU.ActiveCfg = Release|Any CPU
		{5F710507-4E71-497C-AE6F-41257CEA4FB0}.Release|Any CPU.Build.0 = Release|Any CPU
	EndGlobalSection
EndGlobal
