
Microsoft Visual Studio Solution File, Format Version 12.00
# Visual Studio Version 17
VisualStudioVersion = 17.0.31903.59
MinimumVisualStudioVersion = 10.0.40219.1
Project("{FAE04EC0-301F-11D3-BF4B-00C04F79EFBC}") = "MaxTemp", "MaxTemp\MaxTemp.csproj", "{74D3B1CD-F973-476B-AE37-3ED4D386FF5A}"
EndProject
Project("{FAE04EC0-301F-11D3-BF4B-00C04F79EFBC}") = "ExportItem", "ExportItem\ExportItem.csproj", "{002C4F50-F2B5-48FA-B77C-CB1D3CC1DD96}"
EndProject
Global
	GlobalSection(SolutionConfigurationPlatforms) = preSolution
		Debug|Any CPU = Debug|Any CPU
		Release|Any CPU = Release|Any CPU
	EndGlobalSection
	GlobalSection(SolutionProperties) = preSolution
		HideSolutionNode = FALSE
	EndGlobalSection
	GlobalSection(ProjectConfigurationPlatforms) = postSolution
		{74D3B1CD-F973-476B-AE37-3ED4D386FF5A}.Debug|Any CPU.ActiveCfg = Debug|Any CPU
		{74D3B1CD-F973-476B-AE37-3ED4D386FF5A}.Debug|Any CPU.Build.0 = Debug|Any CPU
		{74D3B1CD-F973-476B-AE37-3ED4D386FF5A}.Release|Any CPU.ActiveCfg = Release|Any CPU
		{74D3B1CD-F973-476B-AE37-3ED4D386FF5A}.Release|Any CPU.Build.0 = Release|Any CPU
		{002C4F50-F2B5-48FA-B77C-CB1D3CC1DD96}.Debug|Any CPU.ActiveCfg = Debug|Any CPU
		{002C4F50-F2B5-48FA-B77C-CB1D3CC1DD96}.Debug|Any CPU.Build.0 = Debug|Any CPU
		{002C4F50-F2B5-48FA-B77C-CB1D3CC1DD96}.Release|Any CPU.ActiveCfg = Release|Any CPU
		{002C4F50-F2B5-48FA-B77C-CB1D3CC1DD96}.Release|Any CPU.Build.0 = Release|Any CPU
	EndGlobalSection
EndGlobal
